# This file is automatically @generated by Cargo.
# It is not intended for manual editing.
version = 4

[[package]]
name = "motor_abi"
version = "0.1.0"
dependencies = [
 "motor_vendor_damiao",
]

[[package]]
name = "motor_cli"
version = "0.1.0"
dependencies = [
 "motor_vendor_damiao",
]

[[package]]
name = "motor_core"
version = "0.1.0"

[[package]]
name = "motor_vendor_damiao"
version = "0.1.0"
dependencies = [
 "motor_core",
]

[[package]]
name = "motor_vendor_template"
version = "0.1.0"
dependencies = [
 "motor_core",
]
